
Microsoft Visual Studio Solution File, Format Version 12.00
# Visual Studio Version 16
VisualStudioVersion = 16.0.31911.196
MinimumVisualStudioVersion = 10.0.40219.1
Project("{9A19103F-16F7-4668-BE54-9A1E7A4F7556}") = "MasterApp", "MasterApp\MasterApp.csproj", "{2401ACEE-EC80-4DAF-99AE-685C05391156}"
EndProject
Project("{9A19103F-16F7-4668-BE54-9A1E7A4F7556}") = "PluginInterface", "..\PluginInterface\PluginInterface.csproj", "{69BF0DD8-1867-42D8-997A-44FA1167794D}"
EndProject
Project("{9A19103F-16F7-4668-BE54-9A1E7A4F7556}") = "App_1", "..\App_1\App_1.csproj", "{81FEF160-BD05-455E-9CB3-C68E2E22FDBB}"
EndProject
Project("{9A19103F-16F7-4668-BE54-9A1E7A4F7556}") = "HelperClass", "..\HelperClass\HelperClass.csproj", "{A2D62F7F-B3D9-4AEE-B67F-7BA9F620B7A6}"
EndProject
Project("{9A19103F-16F7-4668-BE54-9A1E7A4F7556}") = "App_2", "..\App_2\App_2.csproj", "{AD470176-75A5-4C27-BCB8-C974A18B23B8}"
EndProject
Project("{FAE04EC0-301F-11D3-BF4B-00C04F79EFBC}") = "SQLService", "..\SQLService\SQLService.csproj", "{54CAF7E9-6EBE-4011-8871-8DD87895FBFF}"
EndProject
Project("{FAE04EC0-301F-11D3-BF4B-00C04F79EFBC}") = "Interface", "..\Interface\Interface.csproj", "{208C6C80-C1F0-4D10-B5D1-B326B00034BA}"
EndProject
Project("{FAE04EC0-301F-11D3-BF4B-00C04F79EFBC}") = "BaseClass", "BaseClass\BaseClass.csproj", "{0EFF3A4D-C1CB-4816-8142-6A27F4274803}"
EndProject
Global
	GlobalSection(SolutionConfigurationPlatforms) = preSolution
		Debug|Any CPU = Debug|Any CPU
		Release|Any CPU = Release|Any CPU
	EndGlobalSection
	GlobalSection(ProjectConfigurationPlatforms) = postSolution
		{2401ACEE-EC80-4DAF-99AE-685C05391156}.Debug|Any CPU.ActiveCfg = Debug|Any CPU
		{2401ACEE-EC80-4DAF-99AE-685C05391156}.Debug|Any CPU.Build.0 = Debug|Any CPU
		{2401ACEE-EC80-4DAF-99AE-685C05391156}.Release|Any CPU.ActiveCfg = Release|Any CPU
		{2401ACEE-EC80-4DAF-99AE-685C05391156}.Release|Any CPU.Build.0 = Release|Any CPU
		{69BF0DD8-1867-42D8-997A-44FA1167794D}.Debug|Any CPU.ActiveCfg = Debug|Any CPU
		{69BF0DD8-1867-42D8-997A-44FA1167794D}.Debug|Any CPU.Build.0 = Debug|Any CPU
		{69BF0DD8-1867-42D8-997A-44FA1167794D}.Release|Any CPU.ActiveCfg = Release|Any CPU
		{69BF0DD8-1867-42D8-997A-44FA1167794D}.Release|Any CPU.Build.0 = Release|Any CPU
		{81FEF160-BD05-455E-9CB3-C68E2E22FDBB}.Debug|Any CPU.ActiveCfg = Debug|Any CPU
		{81FEF160-BD05-455E-9CB3-C68E2E22FDBB}.Debug|Any CPU.Build.0 = Debug|Any CPU
		{81FEF160-BD05-455E-9CB3-C68E2E22FDBB}.Release|Any CPU.ActiveCfg = Release|Any CPU
		{81FEF160-BD05-455E-9CB3-C68E2E22FDBB}.Release|Any CPU.Build.0 = Release|Any CPU
		{A2D62F7F-B3D9-4AEE-B67F-7BA9F620B7A6}.Debug|Any CPU.ActiveCfg = Debug|Any CPU
		{A2D62F7F-B3D9-4AEE-B67F-7BA9F620B7A6}.Debug|Any CPU.Build.0 = Debug|Any CPU
		{A2D62F7F-B3D9-4AEE-B67F-7BA9F620B7A6}.Release|Any CPU.ActiveCfg = Release|Any CPU
		{A2D62F7F-B3D9-4AEE-B67F-7BA9F620B7A6}.Release|Any CPU.Build.0 = Release|Any CPU
		{AD470176-75A5-4C27-BCB8-C974A18B23B8}.Debug|Any CPU.ActiveCfg = Debug|Any CPU
		{AD470176-75A5-4C27-BCB8-C974A18B23B8}.Debug|Any CPU.Build.0 = Debug|Any CPU
		{AD470176-75A5-4C27-BCB8-C974A18B23B8}.Release|Any CPU.ActiveCfg = Release|Any CPU
		{AD470176-75A5-4C27-BCB8-C974A18B23B8}.Release|Any CPU.Build.0 = Release|Any CPU
		{54CAF7E9-6EBE-4011-8871-8DD87895FBFF}.Debug|Any CPU.ActiveCfg = Debug|Any CPU
		{54CAF7E9-6EBE-4011-8871-8DD87895FBFF}.Debug|Any CPU.Build.0 = Debug|Any CPU
		{54CAF7E9-6EBE-4011-8871-8DD87895FBFF}.Release|Any CPU.ActiveCfg = Release|Any CPU
		{54CAF7E9-6EBE-4011-8871-8DD87895FBFF}.Release|Any CPU.Build.0 = Release|Any CPU
		{208C6C80-C1F0-4D10-B5D1-B326B00034BA}.Debug|Any CPU.ActiveCfg = Debug|Any CPU
		{208C6C80-C1F0-4D10-B5D1-B326B00034BA}.Debug|Any CPU.Build.0 = Debug|Any CPU
		{208C6C80-C1F0-4D10-B5D1-B326B00034BA}.Release|Any CPU.ActiveCfg = Release|Any CPU
		{208C6C80-C1F0-4D10-B5D1-B326B00034BA}.Release|Any CPU.Build.0 = Release|Any CPU
		{0EFF3A4D-C1CB-4816-8142-6A27F4274803}.Debug|Any CPU.ActiveCfg = Debug|Any CPU
		{0EFF3A4D-C1CB-4816-8142-6A27F4274803}.Debug|Any CPU.Build.0 = Debug|Any CPU
		{0EFF3A4D-C1CB-4816-8142-6A27F4274803}.Release|Any CPU.ActiveCfg = Release|Any CPU
		{0EFF3A4D-C1CB-4816-8142-6A27F4274803}.Release|Any CPU.Build.0 = Release|Any CPU
	EndGlobalSection
	GlobalSection(SolutionProperties) = preSolution
		HideSolutionNode = FALSE
	EndGlobalSection
	GlobalSection(ExtensibilityGlobals) = postSolution
		SolutionGuid = {C3B1BF12-BB92-4DA9-BC3B-CBEF3504CE2D}
	EndGlobalSection
EndGlobal
