
Microsoft Visual Studio Solution File, Format Version 12.00
# Visual Studio Version 16
VisualStudioVersion = 16.0.31911.196
MinimumVisualStudioVersion = 10.0.40219.1
Project("{9A19103F-16F7-4668-BE54-9A1E7A4F7556}") = "MasterApp", "MasterApp\MasterApp.csproj", "{2401ACEE-EC80-4DAF-99AE-685C05391156}"
EndProject
Project("{FAE04EC0-301F-11D3-BF4B-00C04F79EFBC}") = "PluginInterface", "..\PluginInterface\PluginInterface.csproj", "{69BF0DD8-1867-42D8-997A-44FA1167794D}"
EndProject
Project("{FAE04EC0-301F-11D3-BF4B-00C04F79EFBC}") = "App_1", "..\App_1\App_1.csproj", "{81FEF160-BD05-455E-9CB3-C68E2E22FDBB}"
EndProject
Project("{FAE04EC0-301F-11D3-BF4B-00C04F79EFBC}") = "App_2", "..\App_2\App_2.csproj", "{14FDA9BB-5109-4B8E-96BE-DB7FB99EFC25}"
EndProject
Project("{FAE04EC0-301F-11D3-BF4B-00C04F79EFBC}") = "App_3", "..\App_3\App_3.csproj", "{B26DEF46-6712-4802-8D72-4B39A6FD0960}"
EndProject
Global
	GlobalSection(SolutionConfigurationPlatforms) = preSolution
		Debug|Any CPU = Debug|Any CPU
		Release|Any CPU = Release|Any CPU
	EndGlobalSection
	GlobalSection(ProjectConfigurationPlatforms) = postSolution
		{2401ACEE-EC80-4DAF-99AE-685C05391156}.Debug|Any CPU.ActiveCfg = Debug|Any CPU
		{2401ACEE-EC80-4DAF-99AE-685C05391156}.Debug|Any CPU.Build.0 = Debug|Any CPU
		{2401ACEE-EC80-4DAF-99AE-685C05391156}.Release|Any CPU.ActiveCfg = Release|Any CPU
		{2401ACEE-EC80-4DAF-99AE-685C05391156}.Release|Any CPU.Build.0 = Release|Any CPU
		{69BF0DD8-1867-42D8-997A-44FA1167794D}.Debug|Any CPU.ActiveCfg = Debug|Any CPU
		{69BF0DD8-1867-42D8-997A-44FA1167794D}.Debug|Any CPU.Build.0 = Debug|Any CPU
		{69BF0DD8-1867-42D8-997A-44FA1167794D}.Release|Any CPU.ActiveCfg = Release|Any CPU
		{69BF0DD8-1867-42D8-997A-44FA1167794D}.Release|Any CPU.Build.0 = Release|Any CPU
		{81FEF160-BD05-455E-9CB3-C68E2E22FDBB}.Debug|Any CPU.ActiveCfg = Debug|Any CPU
		{81FEF160-BD05-455E-9CB3-C68E2E22FDBB}.Debug|Any CPU.Build.0 = Debug|Any CPU
		{81FEF160-BD05-455E-9CB3-C68E2E22FDBB}.Release|Any CPU.ActiveCfg = Release|Any CPU
		{81FEF160-BD05-455E-9CB3-C68E2E22FDBB}.Release|Any CPU.Build.0 = Release|Any CPU
		{14FDA9BB-5109-4B8E-96BE-DB7FB99EFC25}.Debug|Any CPU.ActiveCfg = Debug|Any CPU
		{14FDA9BB-5109-4B8E-96BE-DB7FB99EFC25}.Debug|Any CPU.Build.0 = Debug|Any CPU
		{14FDA9BB-5109-4B8E-96BE-DB7FB99EFC25}.Release|Any CPU.ActiveCfg = Release|Any CPU
		{14FDA9BB-5109-4B8E-96BE-DB7FB99EFC25}.Release|Any CPU.Build.0 = Release|Any CPU
		{B26DEF46-6712-4802-8D72-4B39A6FD0960}.Debug|Any CPU.ActiveCfg = Debug|Any CPU
		{B26DEF46-6712-4802-8D72-4B39A6FD0960}.Debug|Any CPU.Build.0 = Debug|Any CPU
		{B26DEF46-6712-4802-8D72-4B39A6FD0960}.Release|Any CPU.ActiveCfg = Release|Any CPU
		{B26DEF46-6712-4802-8D72-4B39A6FD0960}.Release|Any CPU.Build.0 = Release|Any CPU
	EndGlobalSection
	GlobalSection(SolutionProperties) = preSolution
		HideSolutionNode = FALSE
	EndGlobalSection
	GlobalSection(ExtensibilityGlobals) = postSolution
		SolutionGuid = {C3B1BF12-BB92-4DA9-BC3B-CBEF3504CE2D}
	EndGlobalSection
EndGlobal
